
Microsoft Visual Studio Solution File, Format Version 12.00
# Visual Studio Version 16
VisualStudioVersion = 16.0.29503.13
MinimumVisualStudioVersion = 10.0.40219.1
Project("{FAE04EC0-301F-11D3-BF4B-00C04F79EFBC}") = "Karaca-Reklam-Web", "Karaca-Reklam-Web\Karaca-Reklam-Web.csproj", "{E5AF4E0E-7499-440D-97A1-CE23FC7BFAB1}"
EndProject
Global
	GlobalSection(SolutionConfigurationPlatforms) = preSolution
		Debug|Any CPU = Debug|Any CPU
		Release|Any CPU = Release|Any CPU
	EndGlobalSection
	GlobalSection(ProjectConfigurationPlatforms) = postSolution
		{E5AF4E0E-7499-440D-97A1-CE23FC7BFAB1}.Debug|Any CPU.ActiveCfg = Debug|Any CPU
		{E5AF4E0E-7499-440D-97A1-CE23FC7BFAB1}.Debug|Any CPU.Build.0 = Debug|Any CPU
		{E5AF4E0E-7499-440D-97A1-CE23FC7BFAB1}.Release|Any CPU.ActiveCfg = Release|Any CPU
		{E5AF4E0E-7499-440D-97A1-CE23FC7BFAB1}.Release|Any CPU.Build.0 = Release|Any CPU
	EndGlobalSection
	GlobalSection(SolutionProperties) = preSolution
		HideSolutionNode = FALSE
	EndGlobalSection
	GlobalSection(ExtensibilityGlobals) = postSolution
		SolutionGuid = {4FA759E7-AF85-43B8-9DB0-E8C272F1EA9A}
	EndGlobalSection
EndGlobal
